// !$*UTF8*$!
{
	archiveVersion = 1;
	classes = {
	};
	objectVersion = 50;
	objects = {

/* Begin PBXBuildFile section */
		A59F76732165A84800C55186 /* AppDelegate.swift in Sources */ = {isa = PBXBuildFile; fileRef = A59F76722165A84800C55186 /* AppDelegate.swift */; };
		A59F76752165A84800C55186 /* ViewController.swift in Sources */ = {isa = PBXBuildFile; fileRef = A59F76742165A84800C55186 /* ViewController.swift */; };
		A59F76782165A84800C55186 /* Main.storyboard in Resources */ = {isa = PBXBuildFile; fileRef = A59F76762165A84800C55186 /* Main.storyboard */; };
		A59F767A2165A84A00C55186 /* Assets.xcassets in Resources */ = {isa = PBXBuildFile; fileRef = A59F76792165A84A00C55186 /* Assets.xcassets */; };
		A59F767D2165A84A00C55186 /* LaunchScreen.storyboard in Resources */ = {isa = PBXBuildFile; fileRef = A59F767B2165A84A00C55186 /* LaunchScreen.storyboard */; };
		A59F76882165A84A00C55186 /* septaJSONTests.swift in Sources */ = {isa = PBXBuildFile; fileRef = A59F76872165A84A00C55186 /* septaJSONTests.swift */; };
		A59F76932165A84A00C55186 /* septaJSONUITests.swift in Sources */ = {isa = PBXBuildFile; fileRef = A59F76922165A84A00C55186 /* septaJSONUITests.swift */; };
		A59F76A12165A86000C55186 /* Request.swift in Sources */ = {isa = PBXBuildFile; fileRef = A59F76A02165A86000C55186 /* Request.swift */; };
		A59F76A32166391A00C55186 /* Sparse.swift in Sources */ = {isa = PBXBuildFile; fileRef = A59F76A22166391A00C55186 /* Sparse.swift */; };
		A59F76A52166835F00C55186 /* depart.json in Resources */ = {isa = PBXBuildFile; fileRef = A59F76A42166835F00C55186 /* depart.json */; };
		A59F76A72166838800C55186 /* JsonExtract.swift in Sources */ = {isa = PBXBuildFile; fileRef = A59F76A62166838800C55186 /* JsonExtract.swift */; };
		A5D2E40B2166AB9D00E6B0D9 /* a.txt in Resources */ = {isa = PBXBuildFile; fileRef = A5D2E40A2166AB9D00E6B0D9 /* a.txt */; };
/* End PBXBuildFile section */

/* Begin PBXContainerItemProxy section */
		A59F76842165A84A00C55186 /* PBXContainerItemProxy */ = {
			isa = PBXContainerItemProxy;
			containerPortal = A59F76672165A84800C55186 /* Project object */;
			proxyType = 1;
			remoteGlobalIDString = A59F766E2165A84800C55186;
			remoteInfo = septaJSON;
		};
		A59F768F2165A84A00C55186 /* PBXContainerItemProxy */ = {
			isa = PBXContainerItemProxy;
			containerPortal = A59F76672165A84800C55186 /* Project object */;
			proxyType = 1;
			remoteGlobalIDString = A59F766E2165A84800C55186;
			remoteInfo = septaJSON;
		};
/* End PBXContainerItemProxy section */

/* Begin PBXFileReference section */
		A59F766F2165A84800C55186 /* septaJSON.app */ = {isa = PBXFileReference; explicitFileType = wrapper.application; includeInIndex = 0; path = septaJSON.app; sourceTree = BUILT_PRODUCTS_DIR; };
		A59F76722165A84800C55186 /* AppDelegate.swift */ = {isa = PBXFileReference; lastKnownFileType = sourcecode.swift; path = AppDelegate.swift; sourceTree = "<group>"; };
		A59F76742165A84800C55186 /* ViewController.swift */ = {isa = PBXFileReference; lastKnownFileType = sourcecode.swift; path = ViewController.swift; sourceTree = "<group>"; };
		A59F76772165A84800C55186 /* Base */ = {isa = PBXFileReference; lastKnownFileType = file.storyboard; name = Base; path = Base.lproj/Main.storyboard; sourceTree = "<group>"; };
		A59F76792165A84A00C55186 /* Assets.xcassets */ = {isa = PBXFileReference; lastKnownFileType = folder.assetcatalog; path = Assets.xcassets; sourceTree = "<group>"; };
		A59F767C2165A84A00C55186 /* Base */ = {isa = PBXFileReference; lastKnownFileType = file.storyboard; name = Base; path = Base.lproj/LaunchScreen.storyboard; sourceTree = "<group>"; };
		A59F767E2165A84A00C55186 /* Info.plist */ = {isa = PBXFileReference; lastKnownFileType = text.plist.xml; path = Info.plist; sourceTree = "<group>"; };
		A59F76832165A84A00C55186 /* septaJSONTests.xctest */ = {isa = PBXFileReference; explicitFileType = wrapper.cfbundle; includeInIndex = 0; path = septaJSONTests.xctest; sourceTree = BUILT_PRODUCTS_DIR; };
		A59F76872165A84A00C55186 /* septaJSONTests.swift */ = {isa = PBXFileReference; lastKnownFileType = sourcecode.swift; path = septaJSONTests.swift; sourceTree = "<group>"; };
		A59F76892165A84A00C55186 /* Info.plist */ = {isa = PBXFileReference; lastKnownFileType = text.plist.xml; path = Info.plist; sourceTree = "<group>"; };
		A59F768E2165A84A00C55186 /* septaJSONUITests.xctest */ = {isa = PBXFileReference; explicitFileType = wrapper.cfbundle; includeInIndex = 0; path = septaJSONUITests.xctest; sourceTree = BUILT_PRODUCTS_DIR; };
		A59F76922165A84A00C55186 /* septaJSONUITests.swift */ = {isa = PBXFileReference; lastKnownFileType = sourcecode.swift; path = septaJSONUITests.swift; sourceTree = "<group>"; };
		A59F76942165A84A00C55186 /* Info.plist */ = {isa = PBXFileReference; lastKnownFileType = text.plist.xml; path = Info.plist; sourceTree = "<group>"; };
		A59F76A02165A86000C55186 /* Request.swift */ = {isa = PBXFileReference; lastKnownFileType = sourcecode.swift; path = Request.swift; sourceTree = "<group>"; };
		A59F76A22166391A00C55186 /* Sparse.swift */ = {isa = PBXFileReference; lastKnownFileType = sourcecode.swift; path = Sparse.swift; sourceTree = "<group>"; };
		A59F76A42166835F00C55186 /* depart.json */ = {isa = PBXFileReference; lastKnownFileType = text.json; path = depart.json; sourceTree = "<group>"; };
		A59F76A62166838800C55186 /* JsonExtract.swift */ = {isa = PBXFileReference; lastKnownFileType = sourcecode.swift; path = JsonExtract.swift; sourceTree = "<group>"; };
		A5D2E40A2166AB9D00E6B0D9 /* a.txt */ = {isa = PBXFileReference; lastKnownFileType = text; path = a.txt; sourceTree = "<group>"; };
/* End PBXFileReference section */

/* Begin PBXFrameworksBuildPhase section */
		A59F766C2165A84800C55186 /* Frameworks */ = {
			isa = PBXFrameworksBuildPhase;
			buildActionMask = 2147483647;
			files = (
			);
			runOnlyForDeploymentPostprocessing = 0;
		};
		A59F76802165A84A00C55186 /* Frameworks */ = {
			isa = PBXFrameworksBuildPhase;
			buildActionMask = 2147483647;
			files = (
			);
			runOnlyForDeploymentPostprocessing = 0;
		};
		A59F768B2165A84A00C55186 /* Frameworks */ = {
			isa = PBXFrameworksBuildPhase;
			buildActionMask = 2147483647;
			files = (
			);
			runOnlyForDeploymentPostprocessing = 0;
		};
/* End PBXFrameworksBuildPhase section */

/* Begin PBXGroup section */
		A59F76662165A84800C55186 = {
			isa = PBXGroup;
			children = (
				A59F76712165A84800C55186 /* septaJSON */,
				A59F76862165A84A00C55186 /* septaJSONTests */,
				A59F76912165A84A00C55186 /* septaJSONUITests */,
				A59F76702165A84800C55186 /* Products */,
			);
			sourceTree = "<group>";
		};
		A59F76702165A84800C55186 /* Products */ = {
			isa = PBXGroup;
			children = (
				A59F766F2165A84800C55186 /* septaJSON.app */,
				A59F76832165A84A00C55186 /* septaJSONTests.xctest */,
				A59F768E2165A84A00C55186 /* septaJSONUITests.xctest */,
			);
			name = Products;
			sourceTree = "<group>";
		};
		A59F76712165A84800C55186 /* septaJSON */ = {
			isa = PBXGroup;
			children = (
				A59F76722165A84800C55186 /* AppDelegate.swift */,
				A59F76A02165A86000C55186 /* Request.swift */,
				A59F76A22166391A00C55186 /* Sparse.swift */,
				A59F76A62166838800C55186 /* JsonExtract.swift */,
				A59F76742165A84800C55186 /* ViewController.swift */,
				A59F76762165A84800C55186 /* Main.storyboard */,
				A5D2E40A2166AB9D00E6B0D9 /* a.txt */,
				A59F76792165A84A00C55186 /* Assets.xcassets */,
				A59F76A42166835F00C55186 /* depart.json */,
				A59F767B2165A84A00C55186 /* LaunchScreen.storyboard */,
				A59F767E2165A84A00C55186 /* Info.plist */,
			);
			path = septaJSON;
			sourceTree = "<group>";
		};
		A59F76862165A84A00C55186 /* septaJSONTests */ = {
			isa = PBXGroup;
			children = (
				A59F76872165A84A00C55186 /* septaJSONTests.swift */,
				A59F76892165A84A00C55186 /* Info.plist */,
			);
			path = septaJSONTests;
			sourceTree = "<group>";
		};
		A59F76912165A84A00C55186 /* septaJSONUITests */ = {
			isa = PBXGroup;
			children = (
				A59F76922165A84A00C55186 /* septaJSONUITests.swift */,
				A59F76942165A84A00C55186 /* Info.plist */,
			);
			path = septaJSONUITests;
			sourceTree = "<group>";
		};
/* End PBXGroup section */

/* Begin PBXNativeTarget section */
		A59F766E2165A84800C55186 /* septaJSON */ = {
			isa = PBXNativeTarget;
			buildConfigurationList = A59F76972165A84A00C55186 /* Build configuration list for PBXNativeTarget "septaJSON" */;
			buildPhases = (
				A59F766B2165A84800C55186 /* Sources */,
				A59F766C2165A84800C55186 /* Frameworks */,
				A59F766D2165A84800C55186 /* Resources */,
			);
			buildRules = (
			);
			dependencies = (
			);
			name = septaJSON;
			productName = septaJSON;
			productReference = A59F766F2165A84800C55186 /* septaJSON.app */;
			productType = "com.apple.product-type.application";
		};
		A59F76822165A84A00C55186 /* septaJSONTests */ = {
			isa = PBXNativeTarget;
			buildConfigurationList = A59F769A2165A84A00C55186 /* Build configuration list for PBXNativeTarget "septaJSONTests" */;
			buildPhases = (
				A59F767F2165A84A00C55186 /* Sources */,
				A59F76802165A84A00C55186 /* Frameworks */,
				A59F76812165A84A00C55186 /* Resources */,
			);
			buildRules = (
			);
			dependencies = (
				A59F76852165A84A00C55186 /* PBXTargetDependency */,
			);
			name = septaJSONTests;
			productName = septaJSONTests;
			productReference = A59F76832165A84A00C55186 /* septaJSONTests.xctest */;
			productType = "com.apple.product-type.bundle.unit-test";
		};
		A59F768D2165A84A00C55186 /* septaJSONUITests */ = {
			isa = PBXNativeTarget;
			buildConfigurationList = A59F769D2165A84A00C55186 /* Build configuration list for PBXNativeTarget "septaJSONUITests" */;
			buildPhases = (
				A59F768A2165A84A00C55186 /* Sources */,
				A59F768B2165A84A00C55186 /* Frameworks */,
				A59F768C2165A84A00C55186 /* Resources */,
			);
			buildRules = (
			);
			dependencies = (
				A59F76902165A84A00C55186 /* PBXTargetDependency */,
			);
			name = septaJSONUITests;
			productName = septaJSONUITests;
			productReference = A59F768E2165A84A00C55186 /* septaJSONUITests.xctest */;
			productType = "com.apple.product-type.bundle.ui-testing";
		};
/* End PBXNativeTarget section */

/* Begin PBXProject section */
		A59F76672165A84800C55186 /* Project object */ = {
			isa = PBXProject;
			attributes = {
				LastSwiftUpdateCheck = 1000;
				LastUpgradeCheck = 1000;
				ORGANIZATIONNAME = "Michael Chirico";
				TargetAttributes = {
					A59F766E2165A84800C55186 = {
						CreatedOnToolsVersion = 10.0;
					};
					A59F76822165A84A00C55186 = {
						CreatedOnToolsVersion = 10.0;
						TestTargetID = A59F766E2165A84800C55186;
					};
					A59F768D2165A84A00C55186 = {
						CreatedOnToolsVersion = 10.0;
						TestTargetID = A59F766E2165A84800C55186;
					};
				};
			};
			buildConfigurationList = A59F766A2165A84800C55186 /* Build configuration list for PBXProject "septaJSON" */;
			compatibilityVersion = "Xcode 9.3";
			developmentRegion = en;
			hasScannedForEncodings = 0;
			knownRegions = (
				en,
				Base,
			);
			mainGroup = A59F76662165A84800C55186;
			productRefGroup = A59F76702165A84800C55186 /* Products */;
			projectDirPath = "";
			projectRoot = "";
			targets = (
				A59F766E2165A84800C55186 /* septaJSON */,
				A59F76822165A84A00C55186 /* septaJSONTests */,
				A59F768D2165A84A00C55186 /* septaJSONUITests */,
			);
		};
/* End PBXProject section */

/* Begin PBXResourcesBuildPhase section */
		A59F766D2165A84800C55186 /* Resources */ = {
			isa = PBXResourcesBuildPhase;
			buildActionMask = 2147483647;
			files = (
				A5D2E40B2166AB9D00E6B0D9 /* a.txt in Resources */,
				A59F767D2165A84A00C55186 /* LaunchScreen.storyboard in Resources */,
				A59F767A2165A84A00C55186 /* Assets.xcassets in Resources */,
				A59F76782165A84800C55186 /* Main.storyboard in Resources */,
				A59F76A52166835F00C55186 /* depart.json in Resources */,
			);
			runOnlyForDeploymentPostprocessing = 0;
		};
		A59F76812165A84A00C55186 /* Resources */ = {
			isa = PBXResourcesBuildPhase;
			buildActionMask = 2147483647;
			files = (
			);
			runOnlyForDeploymentPostprocessing = 0;
		};
		A59F768C2165A84A00C55186 /* Resources */ = {
			isa = PBXResourcesBuildPhase;
			buildActionMask = 2147483647;
			files = (
			);
			runOnlyForDeploymentPostprocessing = 0;
		};
/* End PBXResourcesBuildPhase section */

/* Begin PBXSourcesBuildPhase section */
		A59F766B2165A84800C55186 /* Sources */ = {
			isa = PBXSourcesBuildPhase;
			buildActionMask = 2147483647;
			files = (
				A59F76752165A84800C55186 /* ViewController.swift in Sources */,
				A59F76A32166391A00C55186 /* Sparse.swift in Sources */,
				A59F76A72166838800C55186 /* JsonExtract.swift in Sources */,
				A59F76A12165A86000C55186 /* Request.swift in Sources */,
				A59F76732165A84800C55186 /* AppDelegate.swift in Sources */,
			);
			runOnlyForDeploymentPostprocessing = 0;
		};
		A59F767F2165A84A00C55186 /* Sources */ = {
			isa = PBXSourcesBuildPhase;
			buildActionMask = 2147483647;
			files = (
				A59F76882165A84A00C55186 /* septaJSONTests.swift in Sources */,
			);
			runOnlyForDeploymentPostprocessing = 0;
		};
		A59F768A2165A84A00C55186 /* Sources */ = {
			isa = PBXSourcesBuildPhase;
			buildActionMask = 2147483647;
			files = (
				A59F76932165A84A00C55186 /* septaJSONUITests.swift in Sources */,
			);
			runOnlyForDeploymentPostprocessing = 0;
		};
/* End PBXSourcesBuildPhase section */

/* Begin PBXTargetDependency section */
		A59F76852165A84A00C55186 /* PBXTargetDependency */ = {
			isa = PBXTargetDependency;
			target = A59F766E2165A84800C55186 /* septaJSON */;
			targetProxy = A59F76842165A84A00C55186 /* PBXContainerItemProxy */;
		};
		A59F76902165A84A00C55186 /* PBXTargetDependency */ = {
			isa = PBXTargetDependency;
			target = A59F766E2165A84800C55186 /* septaJSON */;
			targetProxy = A59F768F2165A84A00C55186 /* PBXContainerItemProxy */;
		};
/* End PBXTargetDependency section */

/* Begin PBXVariantGroup section */
		A59F76762165A84800C55186 /* Main.storyboard */ = {
			isa = PBXVariantGroup;
			children = (
				A59F76772165A84800C55186 /* Base */,
			);
			name = Main.storyboard;
			sourceTree = "<group>";
		};
		A59F767B2165A84A00C55186 /* LaunchScreen.storyboard */ = {
			isa = PBXVariantGroup;
			children = (
				A59F767C2165A84A00C55186 /* Base */,
			);
			name = LaunchScreen.storyboard;
			sourceTree = "<group>";
		};
/* End PBXVariantGroup section */

/* Begin XCBuildConfiguration section */
		A59F76952165A84A00C55186 /* Debug */ = {
			isa = XCBuildConfiguration;
			buildSettings = {
				ALWAYS_SEARCH_USER_PATHS = NO;
				CLANG_ANALYZER_NONNULL = YES;
				CLANG_ANALYZER_NUMBER_OBJECT_CONVERSION = YES_AGGRESSIVE;
				CLANG_CXX_LANGUAGE_STANDARD = "gnu++14";
				CLANG_CXX_LIBRARY = "libc++";
				CLANG_ENABLE_MODULES = YES;
				CLANG_ENABLE_OBJC_ARC = YES;
				CLANG_ENABLE_OBJC_WEAK = YES;
				CLANG_WARN_BLOCK_CAPTURE_AUTORELEASING = YES;
				CLANG_WARN_BOOL_CONVERSION = YES;
				CLANG_WARN_COMMA = YES;
				CLANG_WARN_CONSTANT_CONVERSION = YES;
				CLANG_WARN_DEPRECATED_OBJC_IMPLEMENTATIONS = YES;
				CLANG_WARN_DIRECT_OBJC_ISA_USAGE = YES_ERROR;
				CLANG_WARN_DOCUMENTATION_COMMENTS = YES;
				CLANG_WARN_EMPTY_BODY = YES;
				CLANG_WARN_ENUM_CONVERSION = YES;
				CLANG_WARN_INFINITE_RECURSION = YES;
				CLANG_WARN_INT_CONVERSION = YES;
				CLANG_WARN_NON_LITERAL_NULL_CONVERSION = YES;
				CLANG_WARN_OBJC_IMPLICIT_RETAIN_SELF = YES;
				CLANG_WARN_OBJC_LITERAL_CONVERSION = YES;
				CLANG_WARN_OBJC_ROOT_CLASS = YES_ERROR;
				CLANG_WARN_RANGE_LOOP_ANALYSIS = YES;
				CLANG_WARN_STRICT_PROTOTYPES = YES;
				CLANG_WARN_SUSPICIOUS_MOVE = YES;
				CLANG_WARN_UNGUARDED_AVAILABILITY = YES_AGGRESSIVE;
				CLANG_WARN_UNREACHABLE_CODE = YES;
				CLANG_WARN__DUPLICATE_METHOD_MATCH = YES;
				CODE_SIGN_IDENTITY = "iPhone Developer";
				COPY_PHASE_STRIP = NO;
				DEBUG_INFORMATION_FORMAT = dwarf;
				ENABLE_STRICT_OBJC_MSGSEND = YES;
				ENABLE_TESTABILITY = YES;
				GCC_C_LANGUAGE_STANDARD = gnu11;
				GCC_DYNAMIC_NO_PIC = NO;
				GCC_NO_COMMON_BLOCKS = YES;
				GCC_OPTIMIZATION_LEVEL = 0;
				GCC_PREPROCESSOR_DEFINITIONS = (
					"DEBUG=1",
					"$(inherited)",
				);
				GCC_WARN_64_TO_32_BIT_CONVERSION = YES;
				GCC_WARN_ABOUT_RETURN_TYPE = YES_ERROR;
				GCC_WARN_UNDECLARED_SELECTOR = YES;
				GCC_WARN_UNINITIALIZED_AUTOS = YES_AGGRESSIVE;
				GCC_WARN_UNUSED_FUNCTION = YES;
				GCC_WARN_UNUSED_VARIABLE = YES;
				IPHONEOS_DEPLOYMENT_TARGET = 12.0;
				MTL_ENABLE_DEBUG_INFO = INCLUDE_SOURCE;
				MTL_FAST_MATH = YES;
				ONLY_ACTIVE_ARCH = YES;
				SDKROOT = iphoneos;
				SWIFT_ACTIVE_COMPILATION_CONDITIONS = DEBUG;
				SWIFT_OPTIMIZATION_LEVEL = "-Onone";
			};
			name = Debug;
		};
		A59F76962165A84A00C55186 /* Release */ = {
			isa = XCBuildConfiguration;
			buildSettings = {
				ALWAYS_SEARCH_USER_PATHS = NO;
				CLANG_ANALYZER_NONNULL = YES;
				CLANG_ANALYZER_NUMBER_OBJECT_CONVERSION = YES_AGGRESSIVE;
				CLANG_CXX_LANGUAGE_STANDARD = "gnu++14";
				CLANG_CXX_LIBRARY = "libc++";
				CLANG_ENABLE_MODULES = YES;
				CLANG_ENABLE_OBJC_ARC = YES;
				CLANG_ENABLE_OBJC_WEAK = YES;
				CLANG_WARN_BLOCK_CAPTURE_AUTORELEASING = YES;
				CLANG_WARN_BOOL_CONVERSION = YES;
				CLANG_WARN_COMMA = YES;
				CLANG_WARN_CONSTANT_CONVERSION = YES;
				CLANG_WARN_DEPRECATED_OBJC_IMPLEMENTATIONS = YES;
				CLANG_WARN_DIRECT_OBJC_ISA_USAGE = YES_ERROR;
				CLANG_WARN_DOCUMENTATION_COMMENTS = YES;
				CLANG_WARN_EMPTY_BODY = YES;
				CLANG_WARN_ENUM_CONVERSION = YES;
				CLANG_WARN_INFINITE_RECURSION = YES;
				CLANG_WARN_INT_CONVERSION = YES;
				CLANG_WARN_NON_LITERAL_NULL_CONVERSION = YES;
				CLANG_WARN_OBJC_IMPLICIT_RETAIN_SELF = YES;
				CLANG_WARN_OBJC_LITERAL_CONVERSION = YES;
				CLANG_WARN_OBJC_ROOT_CLASS = YES_ERROR;
				CLANG_WARN_RANGE_LOOP_ANALYSIS = YES;
				CLANG_WARN_STRICT_PROTOTYPES = YES;
				CLANG_WARN_SUSPICIOUS_MOVE = YES;
				CLANG_WARN_UNGUARDED_AVAILABILITY = YES_AGGRESSIVE;
				CLANG_WARN_UNREACHABLE_CODE = YES;
				CLANG_WARN__DUPLICATE_METHOD_MATCH = YES;
				CODE_SIGN_IDENTITY = "iPhone Developer";
				COPY_PHASE_STRIP = NO;
				DEBUG_INFORMATION_FORMAT = "dwarf-with-dsym";
				ENABLE_NS_ASSERTIONS = NO;
				ENABLE_STRICT_OBJC_MSGSEND = YES;
				GCC_C_LANGUAGE_STANDARD = gnu11;
				GCC_NO_COMMON_BLOCKS = YES;
				GCC_WARN_64_TO_32_BIT_CONVERSION = YES;
				GCC_WARN_ABOUT_RETURN_TYPE = YES_ERROR;
				GCC_WARN_UNDECLARED_SELECTOR = YES;
				GCC_WARN_UNINITIALIZED_AUTOS = YES_AGGRESSIVE;
				GCC_WARN_UNUSED_FUNCTION = YES;
				GCC_WARN_UNUSED_VARIABLE = YES;
				IPHONEOS_DEPLOYMENT_TARGET = 12.0;
				MTL_ENABLE_DEBUG_INFO = NO;
				MTL_FAST_MATH = YES;
				SDKROOT = iphoneos;
				SWIFT_COMPILATION_MODE = wholemodule;
				SWIFT_OPTIMIZATION_LEVEL = "-O";
				VALIDATE_PRODUCT = YES;
			};
			name = Release;
		};
		A59F76982165A84A00C55186 /* Debug */ = {
			isa = XCBuildConfiguration;
			buildSettings = {
				ASSETCATALOG_COMPILER_APPICON_NAME = AppIcon;
				CODE_SIGN_STYLE = Automatic;
				DEVELOPMENT_TEAM = UWJCYGVG9Z;
				INFOPLIST_FILE = septaJSON/Info.plist;
				LD_RUNPATH_SEARCH_PATHS = (
					"$(inherited)",
					"@executable_path/Frameworks",
				);
				PRODUCT_BUNDLE_IDENTIFIER = com.cwxstat.rx.septaJSON;
				PRODUCT_NAME = "$(TARGET_NAME)";
				SWIFT_VERSION = 4.2;
				TARGETED_DEVICE_FAMILY = "1,2";
			};
			name = Debug;
		};
		A59F76992165A84A00C55186 /* Release */ = {
			isa = XCBuildConfiguration;
			buildSettings = {
				ASSETCATALOG_COMPILER_APPICON_NAME = AppIcon;
				CODE_SIGN_STYLE = Automatic;
				DEVELOPMENT_TEAM = UWJCYGVG9Z;
				INFOPLIST_FILE = septaJSON/Info.plist;
				LD_RUNPATH_SEARCH_PATHS = (
					"$(inherited)",
					"@executable_path/Frameworks",
				);
				PRODUCT_BUNDLE_IDENTIFIER = com.cwxstat.rx.septaJSON;
				PRODUCT_NAME = "$(TARGET_NAME)";
				SWIFT_VERSION = 4.2;
				TARGETED_DEVICE_FAMILY = "1,2";
			};
			name = Release;
		};
		A59F769B2165A84A00C55186 /* Debug */ = {
			isa = XCBuildConfiguration;
			buildSettings = {
				ALWAYS_EMBED_SWIFT_STANDARD_LIBRARIES = YES;
				BUNDLE_LOADER = "$(TEST_HOST)";
				CODE_SIGN_STYLE = Automatic;
				DEVELOPMENT_TEAM = UWJCYGVG9Z;
				INFOPLIST_FILE = septaJSONTests/Info.plist;
				LD_RUNPATH_SEARCH_PATHS = (
					"$(inherited)",
					"@executable_path/Frameworks",
					"@loader_path/Frameworks",
				);
				PRODUCT_BUNDLE_IDENTIFIER = com.cwxstat.rx.septaJSONTests;
				PRODUCT_NAME = "$(TARGET_NAME)";
				SWIFT_VERSION = 4.2;
				TARGETED_DEVICE_FAMILY = "1,2";
				TEST_HOST = "$(BUILT_PRODUCTS_DIR)/septaJSON.app/septaJSON";
			};
			name = Debug;
		};
		A59F769C2165A84A00C55186 /* Release */ = {
			isa = XCBuildConfiguration;
			buildSettings = {
				ALWAYS_EMBED_SWIFT_STANDARD_LIBRARIES = YES;
				BUNDLE_LOADER = "$(TEST_HOST)";
				CODE_SIGN_STYLE = Automatic;
				DEVELOPMENT_TEAM = UWJCYGVG9Z;
				INFOPLIST_FILE = septaJSONTests/Info.plist;
				LD_RUNPATH_SEARCH_PATHS = (
					"$(inherited)",
					"@executable_path/Frameworks",
					"@loader_path/Frameworks",
				);
				PRODUCT_BUNDLE_IDENTIFIER = com.cwxstat.rx.septaJSONTests;
				PRODUCT_NAME = "$(TARGET_NAME)";
				SWIFT_VERSION = 4.2;
				TARGETED_DEVICE_FAMILY = "1,2";
				TEST_HOST = "$(BUILT_PRODUCTS_DIR)/septaJSON.app/septaJSON";
			};
			name = Release;
		};
		A59F769E2165A84A00C55186 /* Debug */ = {
			isa = XCBuildConfiguration;
			buildSettings = {
				ALWAYS_EMBED_SWIFT_STANDARD_LIBRARIES = YES;
				CODE_SIGN_STYLE = Automatic;
				DEVELOPMENT_TEAM = UWJCYGVG9Z;
				INFOPLIST_FILE = septaJSONUITests/Info.plist;
				LD_RUNPATH_SEARCH_PATHS = (
					"$(inherited)",
					"@executable_path/Frameworks",
					"@loader_path/Frameworks",
				);
				PRODUCT_BUNDLE_IDENTIFIER = com.cwxstat.rx.septaJSONUITests;
				PRODUCT_NAME = "$(TARGET_NAME)";
				SWIFT_VERSION = 4.2;
				TARGETED_DEVICE_FAMILY = "1,2";
				TEST_TARGET_NAME = septaJSON;
			};
			name = Debug;
		};
		A59F769F2165A84A00C55186 /* Release */ = {
			isa = XCBuildConfiguration;
			buildSettings = {
				ALWAYS_EMBED_SWIFT_STANDARD_LIBRARIES = YES;
				CODE_SIGN_STYLE = Automatic;
				DEVELOPMENT_TEAM = UWJCYGVG9Z;
				INFOPLIST_FILE = septaJSONUITests/Info.plist;
				LD_RUNPATH_SEARCH_PATHS = (
					"$(inherited)",
					"@executable_path/Frameworks",
					"@loader_path/Frameworks",
				);
				PRODUCT_BUNDLE_IDENTIFIER = com.cwxstat.rx.septaJSONUITests;
				PRODUCT_NAME = "$(TARGET_NAME)";
				SWIFT_VERSION = 4.2;
				TARGETED_DEVICE_FAMILY = "1,2";
				TEST_TARGET_NAME = septaJSON;
			};
			name = Release;
		};
/* End XCBuildConfiguration section */

/* Begin XCConfigurationList section */
		A59F766A2165A84800C55186 /* Build configuration list for PBXProject "septaJSON" */ = {
			isa = XCConfigurationList;
			buildConfigurations = (
				A59F76952165A84A00C55186 /* Debug */,
				A59F76962165A84A00C55186 /* Release */,
			);
			defaultConfigurationIsVisible = 0;
			defaultConfigurationName = Release;
		};
		A59F76972165A84A00C55186 /* Build configuration list for PBXNativeTarget "septaJSON" */ = {
			isa = XCConfigurationList;
			buildConfigurations = (
				A59F76982165A84A00C55186 /* Debug */,
				A59F76992165A84A00C55186 /* Release */,
			);
			defaultConfigurationIsVisible = 0;
			defaultConfigurationName = Release;
		};
		A59F769A2165A84A00C55186 /* Build configuration list for PBXNativeTarget "septaJSONTests" */ = {
			isa = XCConfigurationList;
			buildConfigurations = (
				A59F769B2165A84A00C55186 /* Debug */,
				A59F769C2165A84A00C55186 /* Release */,
			);
			defaultConfigurationIsVisible = 0;
			defaultConfigurationName = Release;
		};
		A59F769D2165A84A00C55186 /* Build configuration list for PBXNativeTarget "septaJSONUITests" */ = {
			isa = XCConfigurationList;
			buildConfigurations = (
				A59F769E2165A84A00C55186 /* Debug */,
				A59F769F2165A84A00C55186 /* Release */,
			);
			defaultConfigurationIsVisible = 0;
			defaultConfigurationName = Release;
		};
/* End XCConfigurationList section */
	};
	rootObject = A59F76672165A84800C55186 /* Project object */;
}
