// !$*UTF8*$!
{
	archiveVersion = 1;
	classes = {
	};
	objectVersion = 50;
	objects = {

/* Begin PBXBuildFile section */
		A58D74B021738F5C00EFFE59 /* TableViewCell0.swift in Sources */ = {isa = PBXBuildFile; fileRef = A58D74AF21738F5C00EFFE59 /* TableViewCell0.swift */; };
		A58D74B221738F6300EFFE59 /* TableViewCell1.swift in Sources */ = {isa = PBXBuildFile; fileRef = A58D74B121738F6300EFFE59 /* TableViewCell1.swift */; };
		A598ACED21AF4A6800EDBA07 /* BgViewFactory.swift in Sources */ = {isa = PBXBuildFile; fileRef = A598ACEC21AF4A6800EDBA07 /* BgViewFactory.swift */; };
		A598ACF521AFFCEC00EDBA07 /* bgViewTests.swift in Sources */ = {isa = PBXBuildFile; fileRef = A598ACF421AFFCEC00EDBA07 /* bgViewTests.swift */; };
		A5BE0B5A2172B3CD00186357 /* AppDelegate.swift in Sources */ = {isa = PBXBuildFile; fileRef = A5BE0B592172B3CD00186357 /* AppDelegate.swift */; };
		A5BE0B5C2172B3CD00186357 /* ViewController.swift in Sources */ = {isa = PBXBuildFile; fileRef = A5BE0B5B2172B3CD00186357 /* ViewController.swift */; };
		A5BE0B5F2172B3CD00186357 /* Main.storyboard in Resources */ = {isa = PBXBuildFile; fileRef = A5BE0B5D2172B3CD00186357 /* Main.storyboard */; };
		A5BE0B612172B3CE00186357 /* Assets.xcassets in Resources */ = {isa = PBXBuildFile; fileRef = A5BE0B602172B3CE00186357 /* Assets.xcassets */; };
		A5BE0B642172B3CE00186357 /* LaunchScreen.storyboard in Resources */ = {isa = PBXBuildFile; fileRef = A5BE0B622172B3CE00186357 /* LaunchScreen.storyboard */; };
		A5BE0B6F2172B3CE00186357 /* SeptaJSONTests.swift in Sources */ = {isa = PBXBuildFile; fileRef = A5BE0B6E2172B3CE00186357 /* SeptaJSONTests.swift */; };
		A5BE0B7A2172B3CE00186357 /* SeptaJSONUITests.swift in Sources */ = {isa = PBXBuildFile; fileRef = A5BE0B792172B3CE00186357 /* SeptaJSONUITests.swift */; };
		A5BE0B8A2172B43200186357 /* station.json in Resources */ = {isa = PBXBuildFile; fileRef = A5BE0B892172B43200186357 /* station.json */; };
		A5D4EA3B2210FCEE0085BBAA /* url0.url in Resources */ = {isa = PBXBuildFile; fileRef = A5D4EA3A2210FCEE0085BBAA /* url0.url */; };
		A5D4EA3D2210FD130085BBAA /* url1.url in Resources */ = {isa = PBXBuildFile; fileRef = A5D4EA3C2210FD130085BBAA /* url1.url */; };
		A5D4EA3F2210FD730085BBAA /* trainView_url.url in Resources */ = {isa = PBXBuildFile; fileRef = A5D4EA3E2210FD730085BBAA /* trainView_url.url */; };
		A5D4EA412211A1DC0085BBAA /* StationArrival.swift in Sources */ = {isa = PBXBuildFile; fileRef = A5D4EA402211A1DC0085BBAA /* StationArrival.swift */; };
		A5D4EA432211A4E70085BBAA /* StationArrivalSuburban.json in Resources */ = {isa = PBXBuildFile; fileRef = A5D4EA422211A4E70085BBAA /* StationArrivalSuburban.json */; };
		A5DEDA0121735B630003B98E /* TimeAdjust.swift in Sources */ = {isa = PBXBuildFile; fileRef = A5DEDA0021735B630003B98E /* TimeAdjust.swift */; };
		A5DEDA0321738B760003B98E /* ViewTimes.swift in Sources */ = {isa = PBXBuildFile; fileRef = A5DEDA0221738B760003B98E /* ViewTimes.swift */; };
		A5E075762174136200052FA6 /* RecTimer.swift in Sources */ = {isa = PBXBuildFile; fileRef = A5E075752174136200052FA6 /* RecTimer.swift */; };
		A5EECC4222120676006C4C79 /* StationArrive.json in Resources */ = {isa = PBXBuildFile; fileRef = A5EECC4122120676006C4C79 /* StationArrive.json */; };
		A5F6CD962172B98600CA9AFD /* Request.swift in Sources */ = {isa = PBXBuildFile; fileRef = A5F6CD952172B98600CA9AFD /* Request.swift */; };
		A5F6CD992172BA5700CA9AFD /* stations.csv in Resources */ = {isa = PBXBuildFile; fileRef = A5F6CD982172BA5700CA9AFD /* stations.csv */; };
		A5F6CDA02172BA6300CA9AFD /* Sparse.swift in Sources */ = {isa = PBXBuildFile; fileRef = A5F6CD9A2172BA6300CA9AFD /* Sparse.swift */; };
		A5F6CDA12172BA6300CA9AFD /* JsonExtract.swift in Sources */ = {isa = PBXBuildFile; fileRef = A5F6CD9B2172BA6300CA9AFD /* JsonExtract.swift */; };
		A5F6CDA22172BA6300CA9AFD /* StationToStation.swift in Sources */ = {isa = PBXBuildFile; fileRef = A5F6CD9C2172BA6300CA9AFD /* StationToStation.swift */; };
		A5F6CDA32172BA6300CA9AFD /* TrainView.swift in Sources */ = {isa = PBXBuildFile; fileRef = A5F6CD9D2172BA6300CA9AFD /* TrainView.swift */; };
		A5F6CDA42172BA6300CA9AFD /* ReadStations.swift in Sources */ = {isa = PBXBuildFile; fileRef = A5F6CD9E2172BA6300CA9AFD /* ReadStations.swift */; };
		A5F6CDA52172BA6300CA9AFD /* RRSchedules.swift in Sources */ = {isa = PBXBuildFile; fileRef = A5F6CD9F2172BA6300CA9AFD /* RRSchedules.swift */; };
		A5F6CDA82172BA9600CA9AFD /* a.txt in Resources */ = {isa = PBXBuildFile; fileRef = A5F6CDA72172BA9600CA9AFD /* a.txt */; };
		A5F6CDAD2172BAA100CA9AFD /* RRSchedules.json in Resources */ = {isa = PBXBuildFile; fileRef = A5F6CDA92172BAA000CA9AFD /* RRSchedules.json */; };
		A5F6CDAE2172BAA100CA9AFD /* depart.json in Resources */ = {isa = PBXBuildFile; fileRef = A5F6CDAA2172BAA100CA9AFD /* depart.json */; };
		A5F6CDAF2172BAA100CA9AFD /* stationTostation.json in Resources */ = {isa = PBXBuildFile; fileRef = A5F6CDAB2172BAA100CA9AFD /* stationTostation.json */; };
		A5F6CDB02172BAA100CA9AFD /* trainview.json in Resources */ = {isa = PBXBuildFile; fileRef = A5F6CDAC2172BAA100CA9AFD /* trainview.json */; };
/* End PBXBuildFile section */

/* Begin PBXContainerItemProxy section */
		A598ACF721AFFCEC00EDBA07 /* PBXContainerItemProxy */ = {
			isa = PBXContainerItemProxy;
			containerPortal = A5BE0B4E2172B3CD00186357 /* Project object */;
			proxyType = 1;
			remoteGlobalIDString = A5BE0B552172B3CD00186357;
			remoteInfo = SeptaJSON;
		};
		A5BE0B6B2172B3CE00186357 /* PBXContainerItemProxy */ = {
			isa = PBXContainerItemProxy;
			containerPortal = A5BE0B4E2172B3CD00186357 /* Project object */;
			proxyType = 1;
			remoteGlobalIDString = A5BE0B552172B3CD00186357;
			remoteInfo = SeptaJSON;
		};
		A5BE0B762172B3CE00186357 /* PBXContainerItemProxy */ = {
			isa = PBXContainerItemProxy;
			containerPortal = A5BE0B4E2172B3CD00186357 /* Project object */;
			proxyType = 1;
			remoteGlobalIDString = A5BE0B552172B3CD00186357;
			remoteInfo = SeptaJSON;
		};
/* End PBXContainerItemProxy section */

/* Begin PBXFileReference section */
		A58D74AF21738F5C00EFFE59 /* TableViewCell0.swift */ = {isa = PBXFileReference; fileEncoding = 4; lastKnownFileType = sourcecode.swift; path = TableViewCell0.swift; sourceTree = "<group>"; };
		A58D74B121738F6300EFFE59 /* TableViewCell1.swift */ = {isa = PBXFileReference; fileEncoding = 4; lastKnownFileType = sourcecode.swift; path = TableViewCell1.swift; sourceTree = "<group>"; };
		A598ACEC21AF4A6800EDBA07 /* BgViewFactory.swift */ = {isa = PBXFileReference; lastKnownFileType = sourcecode.swift; path = BgViewFactory.swift; sourceTree = "<group>"; };
		A598ACF221AFFCEC00EDBA07 /* bgViewTests.xctest */ = {isa = PBXFileReference; explicitFileType = wrapper.cfbundle; includeInIndex = 0; path = bgViewTests.xctest; sourceTree = BUILT_PRODUCTS_DIR; };
		A598ACF421AFFCEC00EDBA07 /* bgViewTests.swift */ = {isa = PBXFileReference; lastKnownFileType = sourcecode.swift; path = bgViewTests.swift; sourceTree = "<group>"; };
		A598ACF621AFFCEC00EDBA07 /* Info.plist */ = {isa = PBXFileReference; lastKnownFileType = text.plist.xml; path = Info.plist; sourceTree = "<group>"; };
		A5BE0B562172B3CD00186357 /* SeptaJSON.app */ = {isa = PBXFileReference; explicitFileType = wrapper.application; includeInIndex = 0; path = SeptaJSON.app; sourceTree = BUILT_PRODUCTS_DIR; };
		A5BE0B592172B3CD00186357 /* AppDelegate.swift */ = {isa = PBXFileReference; lastKnownFileType = sourcecode.swift; path = AppDelegate.swift; sourceTree = "<group>"; };
		A5BE0B5B2172B3CD00186357 /* ViewController.swift */ = {isa = PBXFileReference; lastKnownFileType = sourcecode.swift; path = ViewController.swift; sourceTree = "<group>"; };
		A5BE0B5E2172B3CD00186357 /* Base */ = {isa = PBXFileReference; lastKnownFileType = file.storyboard; name = Base; path = Base.lproj/Main.storyboard; sourceTree = "<group>"; };
		A5BE0B602172B3CE00186357 /* Assets.xcassets */ = {isa = PBXFileReference; lastKnownFileType = folder.assetcatalog; path = Assets.xcassets; sourceTree = "<group>"; };
		A5BE0B632172B3CE00186357 /* Base */ = {isa = PBXFileReference; lastKnownFileType = file.storyboard; name = Base; path = Base.lproj/LaunchScreen.storyboard; sourceTree = "<group>"; };
		A5BE0B652172B3CE00186357 /* Info.plist */ = {isa = PBXFileReference; lastKnownFileType = text.plist.xml; path = Info.plist; sourceTree = "<group>"; };
		A5BE0B6A2172B3CE00186357 /* SeptaJSONTests.xctest */ = {isa = PBXFileReference; explicitFileType = wrapper.cfbundle; includeInIndex = 0; path = SeptaJSONTests.xctest; sourceTree = BUILT_PRODUCTS_DIR; };
		A5BE0B6E2172B3CE00186357 /* SeptaJSONTests.swift */ = {isa = PBXFileReference; lastKnownFileType = sourcecode.swift; path = SeptaJSONTests.swift; sourceTree = "<group>"; };
		A5BE0B702172B3CE00186357 /* Info.plist */ = {isa = PBXFileReference; lastKnownFileType = text.plist.xml; path = Info.plist; sourceTree = "<group>"; };
		A5BE0B752172B3CE00186357 /* SeptaJSONUITests.xctest */ = {isa = PBXFileReference; explicitFileType = wrapper.cfbundle; includeInIndex = 0; path = SeptaJSONUITests.xctest; sourceTree = BUILT_PRODUCTS_DIR; };
		A5BE0B792172B3CE00186357 /* SeptaJSONUITests.swift */ = {isa = PBXFileReference; lastKnownFileType = sourcecode.swift; path = SeptaJSONUITests.swift; sourceTree = "<group>"; };
		A5BE0B7B2172B3CE00186357 /* Info.plist */ = {isa = PBXFileReference; lastKnownFileType = text.plist.xml; path = Info.plist; sourceTree = "<group>"; };
		A5BE0B892172B43200186357 /* station.json */ = {isa = PBXFileReference; fileEncoding = 4; lastKnownFileType = text.json; path = station.json; sourceTree = "<group>"; };
		A5D4EA3A2210FCEE0085BBAA /* url0.url */ = {isa = PBXFileReference; lastKnownFileType = text; path = url0.url; sourceTree = "<group>"; };
		A5D4EA3C2210FD130085BBAA /* url1.url */ = {isa = PBXFileReference; lastKnownFileType = text; path = url1.url; sourceTree = "<group>"; };
		A5D4EA3E2210FD730085BBAA /* trainView_url.url */ = {isa = PBXFileReference; lastKnownFileType = text; path = trainView_url.url; sourceTree = "<group>"; };
		A5D4EA402211A1DC0085BBAA /* StationArrival.swift */ = {isa = PBXFileReference; lastKnownFileType = sourcecode.swift; path = StationArrival.swift; sourceTree = "<group>"; };
		A5D4EA422211A4E70085BBAA /* StationArrivalSuburban.json */ = {isa = PBXFileReference; lastKnownFileType = text.json; path = StationArrivalSuburban.json; sourceTree = "<group>"; };
		A5DEDA0021735B630003B98E /* TimeAdjust.swift */ = {isa = PBXFileReference; lastKnownFileType = sourcecode.swift; path = TimeAdjust.swift; sourceTree = "<group>"; };
		A5DEDA0221738B760003B98E /* ViewTimes.swift */ = {isa = PBXFileReference; lastKnownFileType = sourcecode.swift; path = ViewTimes.swift; sourceTree = "<group>"; };
		A5E075752174136200052FA6 /* RecTimer.swift */ = {isa = PBXFileReference; lastKnownFileType = sourcecode.swift; path = RecTimer.swift; sourceTree = "<group>"; };
		A5EECC4122120676006C4C79 /* StationArrive.json */ = {isa = PBXFileReference; lastKnownFileType = text.json; path = StationArrive.json; sourceTree = "<group>"; };
		A5F6CD952172B98600CA9AFD /* Request.swift */ = {isa = PBXFileReference; fileEncoding = 4; lastKnownFileType = sourcecode.swift; path = Request.swift; sourceTree = "<group>"; };
		A5F6CD982172BA5700CA9AFD /* stations.csv */ = {isa = PBXFileReference; fileEncoding = 4; lastKnownFileType = text; path = stations.csv; sourceTree = "<group>"; };
		A5F6CD9A2172BA6300CA9AFD /* Sparse.swift */ = {isa = PBXFileReference; fileEncoding = 4; lastKnownFileType = sourcecode.swift; path = Sparse.swift; sourceTree = "<group>"; };
		A5F6CD9B2172BA6300CA9AFD /* JsonExtract.swift */ = {isa = PBXFileReference; fileEncoding = 4; lastKnownFileType = sourcecode.swift; path = JsonExtract.swift; sourceTree = "<group>"; };
		A5F6CD9C2172BA6300CA9AFD /* StationToStation.swift */ = {isa = PBXFileReference; fileEncoding = 4; lastKnownFileType = sourcecode.swift; path = StationToStation.swift; sourceTree = "<group>"; };
		A5F6CD9D2172BA6300CA9AFD /* TrainView.swift */ = {isa = PBXFileReference; fileEncoding = 4; lastKnownFileType = sourcecode.swift; path = TrainView.swift; sourceTree = "<group>"; };
		A5F6CD9E2172BA6300CA9AFD /* ReadStations.swift */ = {isa = PBXFileReference; fileEncoding = 4; lastKnownFileType = sourcecode.swift; path = ReadStations.swift; sourceTree = "<group>"; };
		A5F6CD9F2172BA6300CA9AFD /* RRSchedules.swift */ = {isa = PBXFileReference; fileEncoding = 4; lastKnownFileType = sourcecode.swift; path = RRSchedules.swift; sourceTree = "<group>"; };
		A5F6CDA72172BA9600CA9AFD /* a.txt */ = {isa = PBXFileReference; fileEncoding = 4; lastKnownFileType = text; path = a.txt; sourceTree = "<group>"; };
		A5F6CDA92172BAA000CA9AFD /* RRSchedules.json */ = {isa = PBXFileReference; fileEncoding = 4; lastKnownFileType = text.json; path = RRSchedules.json; sourceTree = "<group>"; };
		A5F6CDAA2172BAA100CA9AFD /* depart.json */ = {isa = PBXFileReference; fileEncoding = 4; lastKnownFileType = text.json; path = depart.json; sourceTree = "<group>"; };
		A5F6CDAB2172BAA100CA9AFD /* stationTostation.json */ = {isa = PBXFileReference; fileEncoding = 4; lastKnownFileType = text.json; path = stationTostation.json; sourceTree = "<group>"; };
		A5F6CDAC2172BAA100CA9AFD /* trainview.json */ = {isa = PBXFileReference; fileEncoding = 4; lastKnownFileType = text.json; path = trainview.json; sourceTree = "<group>"; };
/* End PBXFileReference section */

/* Begin PBXFrameworksBuildPhase section */
		A598ACEF21AFFCEC00EDBA07 /* Frameworks */ = {
			isa = PBXFrameworksBuildPhase;
			buildActionMask = 2147483647;
			files = (
			);
			runOnlyForDeploymentPostprocessing = 0;
		};
		A5BE0B532172B3CD00186357 /* Frameworks */ = {
			isa = PBXFrameworksBuildPhase;
			buildActionMask = 2147483647;
			files = (
			);
			runOnlyForDeploymentPostprocessing = 0;
		};
		A5BE0B672172B3CE00186357 /* Frameworks */ = {
			isa = PBXFrameworksBuildPhase;
			buildActionMask = 2147483647;
			files = (
			);
			runOnlyForDeploymentPostprocessing = 0;
		};
		A5BE0B722172B3CE00186357 /* Frameworks */ = {
			isa = PBXFrameworksBuildPhase;
			buildActionMask = 2147483647;
			files = (
			);
			runOnlyForDeploymentPostprocessing = 0;
		};
/* End PBXFrameworksBuildPhase section */

/* Begin PBXGroup section */
		A58D74B32173CF1C00EFFE59 /* ViewTimes */ = {
			isa = PBXGroup;
			children = (
				A58D74AF21738F5C00EFFE59 /* TableViewCell0.swift */,
				A5DEDA0221738B760003B98E /* ViewTimes.swift */,
				A58D74B121738F6300EFFE59 /* TableViewCell1.swift */,
			);
			path = ViewTimes;
			sourceTree = "<group>";
		};
		A598ACF321AFFCEC00EDBA07 /* bgViewTests */ = {
			isa = PBXGroup;
			children = (
				A598ACF421AFFCEC00EDBA07 /* bgViewTests.swift */,
				A598ACF621AFFCEC00EDBA07 /* Info.plist */,
			);
			path = bgViewTests;
			sourceTree = "<group>";
		};
		A5BE0B4D2172B3CD00186357 = {
			isa = PBXGroup;
			children = (
				A5BE0B582172B3CD00186357 /* SeptaJSON */,
				A5BE0B6D2172B3CE00186357 /* SeptaJSONTests */,
				A5BE0B782172B3CE00186357 /* SeptaJSONUITests */,
				A598ACF321AFFCEC00EDBA07 /* bgViewTests */,
				A5BE0B572172B3CD00186357 /* Products */,
			);
			sourceTree = "<group>";
		};
		A5BE0B572172B3CD00186357 /* Products */ = {
			isa = PBXGroup;
			children = (
				A5BE0B562172B3CD00186357 /* SeptaJSON.app */,
				A5BE0B6A2172B3CE00186357 /* SeptaJSONTests.xctest */,
				A5BE0B752172B3CE00186357 /* SeptaJSONUITests.xctest */,
				A598ACF221AFFCEC00EDBA07 /* bgViewTests.xctest */,
			);
			name = Products;
			sourceTree = "<group>";
		};
		A5BE0B582172B3CD00186357 /* SeptaJSON */ = {
			isa = PBXGroup;
			children = (
				A5F6CDA62172BA6F00CA9AFD /* Fixtures for Testing */,
				A5F6CD972172BA1900CA9AFD /* JSON Parse */,
				A5F6CD952172B98600CA9AFD /* Request.swift */,
				A58D74B32173CF1C00EFFE59 /* ViewTimes */,
				A5BE0B592172B3CD00186357 /* AppDelegate.swift */,
				A5BE0B5B2172B3CD00186357 /* ViewController.swift */,
				A5BE0B5D2172B3CD00186357 /* Main.storyboard */,
				A5BE0B602172B3CE00186357 /* Assets.xcassets */,
				A5BE0B622172B3CE00186357 /* LaunchScreen.storyboard */,
				A5BE0B652172B3CE00186357 /* Info.plist */,
				A5BE0B892172B43200186357 /* station.json */,
			);
			path = SeptaJSON;
			sourceTree = "<group>";
		};
		A5BE0B6D2172B3CE00186357 /* SeptaJSONTests */ = {
			isa = PBXGroup;
			children = (
				A5BE0B6E2172B3CE00186357 /* SeptaJSONTests.swift */,
				A5BE0B702172B3CE00186357 /* Info.plist */,
			);
			path = SeptaJSONTests;
			sourceTree = "<group>";
		};
		A5BE0B782172B3CE00186357 /* SeptaJSONUITests */ = {
			isa = PBXGroup;
			children = (
				A5BE0B792172B3CE00186357 /* SeptaJSONUITests.swift */,
				A5BE0B7B2172B3CE00186357 /* Info.plist */,
			);
			path = SeptaJSONUITests;
			sourceTree = "<group>";
		};
		A5F6CD972172BA1900CA9AFD /* JSON Parse */ = {
			isa = PBXGroup;
			children = (
				A5F6CD9B2172BA6300CA9AFD /* JsonExtract.swift */,
				A5DEDA0021735B630003B98E /* TimeAdjust.swift */,
				A5F6CD9E2172BA6300CA9AFD /* ReadStations.swift */,
				A5F6CD9F2172BA6300CA9AFD /* RRSchedules.swift */,
				A5F6CD9A2172BA6300CA9AFD /* Sparse.swift */,
				A5E075752174136200052FA6 /* RecTimer.swift */,
				A5F6CD9C2172BA6300CA9AFD /* StationToStation.swift */,
				A5F6CD9D2172BA6300CA9AFD /* TrainView.swift */,
				A5F6CD982172BA5700CA9AFD /* stations.csv */,
				A598ACEC21AF4A6800EDBA07 /* BgViewFactory.swift */,
				A5D4EA402211A1DC0085BBAA /* StationArrival.swift */,
			);
			path = "JSON Parse";
			sourceTree = "<group>";
		};
		A5F6CDA62172BA6F00CA9AFD /* Fixtures for Testing */ = {
			isa = PBXGroup;
			children = (
				A5D4EA3E2210FD730085BBAA /* trainView_url.url */,
				A5D4EA3A2210FCEE0085BBAA /* url0.url */,
				A5D4EA3C2210FD130085BBAA /* url1.url */,
				A5F6CDA92172BAA000CA9AFD /* RRSchedules.json */,
				A5F6CDAB2172BAA100CA9AFD /* stationTostation.json */,
				A5F6CDAC2172BAA100CA9AFD /* trainview.json */,
				A5F6CDAA2172BAA100CA9AFD /* depart.json */,
				A5F6CDA72172BA9600CA9AFD /* a.txt */,
				A5D4EA422211A4E70085BBAA /* StationArrivalSuburban.json */,
				A5EECC4122120676006C4C79 /* StationArrive.json */,
			);
			name = "Fixtures for Testing";
			path = "New Group";
			sourceTree = "<group>";
		};
/* End PBXGroup section */

/* Begin PBXNativeTarget section */
		A598ACF121AFFCEC00EDBA07 /* bgViewTests */ = {
			isa = PBXNativeTarget;
			buildConfigurationList = A598ACFB21AFFCEC00EDBA07 /* Build configuration list for PBXNativeTarget "bgViewTests" */;
			buildPhases = (
				A598ACEE21AFFCEC00EDBA07 /* Sources */,
				A598ACEF21AFFCEC00EDBA07 /* Frameworks */,
				A598ACF021AFFCEC00EDBA07 /* Resources */,
			);
			buildRules = (
			);
			dependencies = (
				A598ACF821AFFCEC00EDBA07 /* PBXTargetDependency */,
			);
			name = bgViewTests;
			productName = bgViewTests;
			productReference = A598ACF221AFFCEC00EDBA07 /* bgViewTests.xctest */;
			productType = "com.apple.product-type.bundle.unit-test";
		};
		A5BE0B552172B3CD00186357 /* SeptaJSON */ = {
			isa = PBXNativeTarget;
			buildConfigurationList = A5BE0B7E2172B3CE00186357 /* Build configuration list for PBXNativeTarget "SeptaJSON" */;
			buildPhases = (
				A5BE0B522172B3CD00186357 /* Sources */,
				A5BE0B532172B3CD00186357 /* Frameworks */,
				A5BE0B542172B3CD00186357 /* Resources */,
				A5B29ECB221326F1000D56B3 /* ShellScript */,
			);
			buildRules = (
			);
			dependencies = (
			);
			name = SeptaJSON;
			productName = SeptaJSON;
			productReference = A5BE0B562172B3CD00186357 /* SeptaJSON.app */;
			productType = "com.apple.product-type.application";
		};
		A5BE0B692172B3CE00186357 /* SeptaJSONTests */ = {
			isa = PBXNativeTarget;
			buildConfigurationList = A5BE0B812172B3CE00186357 /* Build configuration list for PBXNativeTarget "SeptaJSONTests" */;
			buildPhases = (
				A5BE0B662172B3CE00186357 /* Sources */,
				A5BE0B672172B3CE00186357 /* Frameworks */,
				A5BE0B682172B3CE00186357 /* Resources */,
			);
			buildRules = (
			);
			dependencies = (
				A5BE0B6C2172B3CE00186357 /* PBXTargetDependency */,
			);
			name = SeptaJSONTests;
			productName = SeptaJSONTests;
			productReference = A5BE0B6A2172B3CE00186357 /* SeptaJSONTests.xctest */;
			productType = "com.apple.product-type.bundle.unit-test";
		};
		A5BE0B742172B3CE00186357 /* SeptaJSONUITests */ = {
			isa = PBXNativeTarget;
			buildConfigurationList = A5BE0B842172B3CE00186357 /* Build configuration list for PBXNativeTarget "SeptaJSONUITests" */;
			buildPhases = (
				A5BE0B712172B3CE00186357 /* Sources */,
				A5BE0B722172B3CE00186357 /* Frameworks */,
				A5BE0B732172B3CE00186357 /* Resources */,
			);
			buildRules = (
			);
			dependencies = (
				A5BE0B772172B3CE00186357 /* PBXTargetDependency */,
			);
			name = SeptaJSONUITests;
			productName = SeptaJSONUITests;
			productReference = A5BE0B752172B3CE00186357 /* SeptaJSONUITests.xctest */;
			productType = "com.apple.product-type.bundle.ui-testing";
		};
/* End PBXNativeTarget section */

/* Begin PBXProject section */
		A5BE0B4E2172B3CD00186357 /* Project object */ = {
			isa = PBXProject;
			attributes = {
				LastSwiftUpdateCheck = 1010;
				LastUpgradeCheck = 1000;
				ORGANIZATIONNAME = "Michael Chirico";
				TargetAttributes = {
					A598ACF121AFFCEC00EDBA07 = {
						CreatedOnToolsVersion = 10.1;
						TestTargetID = A5BE0B552172B3CD00186357;
					};
					A5BE0B552172B3CD00186357 = {
						CreatedOnToolsVersion = 10.0;
					};
					A5BE0B692172B3CE00186357 = {
						CreatedOnToolsVersion = 10.0;
						TestTargetID = A5BE0B552172B3CD00186357;
					};
					A5BE0B742172B3CE00186357 = {
						CreatedOnToolsVersion = 10.0;
						TestTargetID = A5BE0B552172B3CD00186357;
					};
				};
			};
			buildConfigurationList = A5BE0B512172B3CD00186357 /* Build configuration list for PBXProject "SeptaJSON" */;
			compatibilityVersion = "Xcode 9.3";
			developmentRegion = en;
			hasScannedForEncodings = 0;
			knownRegions = (
				en,
				Base,
			);
			mainGroup = A5BE0B4D2172B3CD00186357;
			productRefGroup = A5BE0B572172B3CD00186357 /* Products */;
			projectDirPath = "";
			projectRoot = "";
			targets = (
				A5BE0B552172B3CD00186357 /* SeptaJSON */,
				A5BE0B692172B3CE00186357 /* SeptaJSONTests */,
				A5BE0B742172B3CE00186357 /* SeptaJSONUITests */,
				A598ACF121AFFCEC00EDBA07 /* bgViewTests */,
			);
		};
/* End PBXProject section */

/* Begin PBXResourcesBuildPhase section */
		A598ACF021AFFCEC00EDBA07 /* Resources */ = {
			isa = PBXResourcesBuildPhase;
			buildActionMask = 2147483647;
			files = (
			);
			runOnlyForDeploymentPostprocessing = 0;
		};
		A5BE0B542172B3CD00186357 /* Resources */ = {
			isa = PBXResourcesBuildPhase;
			buildActionMask = 2147483647;
			files = (
				A5D4EA3B2210FCEE0085BBAA /* url0.url in Resources */,
				A5F6CDA82172BA9600CA9AFD /* a.txt in Resources */,
				A5BE0B642172B3CE00186357 /* LaunchScreen.storyboard in Resources */,
				A5D4EA3F2210FD730085BBAA /* trainView_url.url in Resources */,
				A5F6CDAD2172BAA100CA9AFD /* RRSchedules.json in Resources */,
				A5D4EA432211A4E70085BBAA /* StationArrivalSuburban.json in Resources */,
				A5BE0B612172B3CE00186357 /* Assets.xcassets in Resources */,
				A5D4EA3D2210FD130085BBAA /* url1.url in Resources */,
				A5F6CDAF2172BAA100CA9AFD /* stationTostation.json in Resources */,
				A5F6CDAE2172BAA100CA9AFD /* depart.json in Resources */,
				A5BE0B5F2172B3CD00186357 /* Main.storyboard in Resources */,
				A5EECC4222120676006C4C79 /* StationArrive.json in Resources */,
				A5F6CD992172BA5700CA9AFD /* stations.csv in Resources */,
				A5F6CDB02172BAA100CA9AFD /* trainview.json in Resources */,
			);
			runOnlyForDeploymentPostprocessing = 0;
		};
		A5BE0B682172B3CE00186357 /* Resources */ = {
			isa = PBXResourcesBuildPhase;
			buildActionMask = 2147483647;
			files = (
				A5BE0B8A2172B43200186357 /* station.json in Resources */,
			);
			runOnlyForDeploymentPostprocessing = 0;
		};
		A5BE0B732172B3CE00186357 /* Resources */ = {
			isa = PBXResourcesBuildPhase;
			buildActionMask = 2147483647;
			files = (
			);
			runOnlyForDeploymentPostprocessing = 0;
		};
/* End PBXResourcesBuildPhase section */

/* Begin PBXShellScriptBuildPhase section */
		A5B29ECB221326F1000D56B3 /* ShellScript */ = {
			isa = PBXShellScriptBuildPhase;
			buildActionMask = 2147483647;
			files = (
			);
			inputFileListPaths = (
			);
			inputPaths = (
			);
			outputFileListPaths = (
			);
			outputPaths = (
			);
			runOnlyForDeploymentPostprocessing = 0;
			shellPath = /bin/sh;
			shellScript = "if which swiftlint >/dev/null; then\n swiftlint\nelse\necho \"warning: SwiftLint not installed, download from https://github.com/realm/SwiftLint\"\nfi\n";
		};
/* End PBXShellScriptBuildPhase section */

/* Begin PBXSourcesBuildPhase section */
		A598ACEE21AFFCEC00EDBA07 /* Sources */ = {
			isa = PBXSourcesBuildPhase;
			buildActionMask = 2147483647;
			files = (
				A598ACF521AFFCEC00EDBA07 /* bgViewTests.swift in Sources */,
			);
			runOnlyForDeploymentPostprocessing = 0;
		};
		A5BE0B522172B3CD00186357 /* Sources */ = {
			isa = PBXSourcesBuildPhase;
			buildActionMask = 2147483647;
			files = (
				A5F6CDA32172BA6300CA9AFD /* TrainView.swift in Sources */,
				A5BE0B5C2172B3CD00186357 /* ViewController.swift in Sources */,
				A5D4EA412211A1DC0085BBAA /* StationArrival.swift in Sources */,
				A5DEDA0321738B760003B98E /* ViewTimes.swift in Sources */,
				A5F6CDA02172BA6300CA9AFD /* Sparse.swift in Sources */,
				A5F6CDA22172BA6300CA9AFD /* StationToStation.swift in Sources */,
				A58D74B221738F6300EFFE59 /* TableViewCell1.swift in Sources */,
				A5F6CDA12172BA6300CA9AFD /* JsonExtract.swift in Sources */,
				A58D74B021738F5C00EFFE59 /* TableViewCell0.swift in Sources */,
				A5F6CD962172B98600CA9AFD /* Request.swift in Sources */,
				A5F6CDA42172BA6300CA9AFD /* ReadStations.swift in Sources */,
				A5E075762174136200052FA6 /* RecTimer.swift in Sources */,
				A5BE0B5A2172B3CD00186357 /* AppDelegate.swift in Sources */,
				A5F6CDA52172BA6300CA9AFD /* RRSchedules.swift in Sources */,
				A5DEDA0121735B630003B98E /* TimeAdjust.swift in Sources */,
				A598ACED21AF4A6800EDBA07 /* BgViewFactory.swift in Sources */,
			);
			runOnlyForDeploymentPostprocessing = 0;
		};
		A5BE0B662172B3CE00186357 /* Sources */ = {
			isa = PBXSourcesBuildPhase;
			buildActionMask = 2147483647;
			files = (
				A5BE0B6F2172B3CE00186357 /* SeptaJSONTests.swift in Sources */,
			);
			runOnlyForDeploymentPostprocessing = 0;
		};
		A5BE0B712172B3CE00186357 /* Sources */ = {
			isa = PBXSourcesBuildPhase;
			buildActionMask = 2147483647;
			files = (
				A5BE0B7A2172B3CE00186357 /* SeptaJSONUITests.swift in Sources */,
			);
			runOnlyForDeploymentPostprocessing = 0;
		};
/* End PBXSourcesBuildPhase section */

/* Begin PBXTargetDependency section */
		A598ACF821AFFCEC00EDBA07 /* PBXTargetDependency */ = {
			isa = PBXTargetDependency;
			target = A5BE0B552172B3CD00186357 /* SeptaJSON */;
			targetProxy = A598ACF721AFFCEC00EDBA07 /* PBXContainerItemProxy */;
		};
		A5BE0B6C2172B3CE00186357 /* PBXTargetDependency */ = {
			isa = PBXTargetDependency;
			target = A5BE0B552172B3CD00186357 /* SeptaJSON */;
			targetProxy = A5BE0B6B2172B3CE00186357 /* PBXContainerItemProxy */;
		};
		A5BE0B772172B3CE00186357 /* PBXTargetDependency */ = {
			isa = PBXTargetDependency;
			target = A5BE0B552172B3CD00186357 /* SeptaJSON */;
			targetProxy = A5BE0B762172B3CE00186357 /* PBXContainerItemProxy */;
		};
/* End PBXTargetDependency section */

/* Begin PBXVariantGroup section */
		A5BE0B5D2172B3CD00186357 /* Main.storyboard */ = {
			isa = PBXVariantGroup;
			children = (
				A5BE0B5E2172B3CD00186357 /* Base */,
			);
			name = Main.storyboard;
			sourceTree = "<group>";
		};
		A5BE0B622172B3CE00186357 /* LaunchScreen.storyboard */ = {
			isa = PBXVariantGroup;
			children = (
				A5BE0B632172B3CE00186357 /* Base */,
			);
			name = LaunchScreen.storyboard;
			sourceTree = "<group>";
		};
/* End PBXVariantGroup section */

/* Begin XCBuildConfiguration section */
		A598ACF921AFFCEC00EDBA07 /* Debug */ = {
			isa = XCBuildConfiguration;
			buildSettings = {
				BUNDLE_LOADER = "$(TEST_HOST)";
				CODE_SIGN_STYLE = Automatic;
				DEVELOPMENT_TEAM = UWJCYGVG9Z;
				INFOPLIST_FILE = bgViewTests/Info.plist;
				IPHONEOS_DEPLOYMENT_TARGET = 12.1;
				LD_RUNPATH_SEARCH_PATHS = (
					"$(inherited)",
					"@executable_path/Frameworks",
					"@loader_path/Frameworks",
				);
				PRODUCT_BUNDLE_IDENTIFIER = com.cwxstat.rx.bgViewTests;
				PRODUCT_NAME = "$(TARGET_NAME)";
				SWIFT_VERSION = 4.2;
				TARGETED_DEVICE_FAMILY = "1,2";
				TEST_HOST = "$(BUILT_PRODUCTS_DIR)/SeptaJSON.app/SeptaJSON";
			};
			name = Debug;
		};
		A598ACFA21AFFCEC00EDBA07 /* Release */ = {
			isa = XCBuildConfiguration;
			buildSettings = {
				BUNDLE_LOADER = "$(TEST_HOST)";
				CODE_SIGN_STYLE = Automatic;
				DEVELOPMENT_TEAM = UWJCYGVG9Z;
				INFOPLIST_FILE = bgViewTests/Info.plist;
				IPHONEOS_DEPLOYMENT_TARGET = 12.1;
				LD_RUNPATH_SEARCH_PATHS = (
					"$(inherited)",
					"@executable_path/Frameworks",
					"@loader_path/Frameworks",
				);
				PRODUCT_BUNDLE_IDENTIFIER = com.cwxstat.rx.bgViewTests;
				PRODUCT_NAME = "$(TARGET_NAME)";
				SWIFT_VERSION = 4.2;
				TARGETED_DEVICE_FAMILY = "1,2";
				TEST_HOST = "$(BUILT_PRODUCTS_DIR)/SeptaJSON.app/SeptaJSON";
			};
			name = Release;
		};
		A5BE0B7C2172B3CE00186357 /* Debug */ = {
			isa = XCBuildConfiguration;
			buildSettings = {
				ALWAYS_SEARCH_USER_PATHS = NO;
				CLANG_ANALYZER_NONNULL = YES;
				CLANG_ANALYZER_NUMBER_OBJECT_CONVERSION = YES_AGGRESSIVE;
				CLANG_CXX_LANGUAGE_STANDARD = "gnu++14";
				CLANG_CXX_LIBRARY = "libc++";
				CLANG_ENABLE_MODULES = YES;
				CLANG_ENABLE_OBJC_ARC = YES;
				CLANG_ENABLE_OBJC_WEAK = YES;
				CLANG_WARN_BLOCK_CAPTURE_AUTORELEASING = YES;
				CLANG_WARN_BOOL_CONVERSION = YES;
				CLANG_WARN_COMMA = YES;
				CLANG_WARN_CONSTANT_CONVERSION = YES;
				CLANG_WARN_DEPRECATED_OBJC_IMPLEMENTATIONS = YES;
				CLANG_WARN_DIRECT_OBJC_ISA_USAGE = YES_ERROR;
				CLANG_WARN_DOCUMENTATION_COMMENTS = YES;
				CLANG_WARN_EMPTY_BODY = YES;
				CLANG_WARN_ENUM_CONVERSION = YES;
				CLANG_WARN_INFINITE_RECURSION = YES;
				CLANG_WARN_INT_CONVERSION = YES;
				CLANG_WARN_NON_LITERAL_NULL_CONVERSION = YES;
				CLANG_WARN_OBJC_IMPLICIT_RETAIN_SELF = YES;
				CLANG_WARN_OBJC_LITERAL_CONVERSION = YES;
				CLANG_WARN_OBJC_ROOT_CLASS = YES_ERROR;
				CLANG_WARN_RANGE_LOOP_ANALYSIS = YES;
				CLANG_WARN_STRICT_PROTOTYPES = YES;
				CLANG_WARN_SUSPICIOUS_MOVE = YES;
				CLANG_WARN_UNGUARDED_AVAILABILITY = YES_AGGRESSIVE;
				CLANG_WARN_UNREACHABLE_CODE = YES;
				CLANG_WARN__DUPLICATE_METHOD_MATCH = YES;
				CODE_SIGN_IDENTITY = "iPhone Developer";
				COPY_PHASE_STRIP = NO;
				DEBUG_INFORMATION_FORMAT = dwarf;
				ENABLE_STRICT_OBJC_MSGSEND = YES;
				ENABLE_TESTABILITY = YES;
				GCC_C_LANGUAGE_STANDARD = gnu11;
				GCC_DYNAMIC_NO_PIC = NO;
				GCC_NO_COMMON_BLOCKS = YES;
				GCC_OPTIMIZATION_LEVEL = 0;
				GCC_PREPROCESSOR_DEFINITIONS = (
					"DEBUG=1",
					"$(inherited)",
				);
				GCC_WARN_64_TO_32_BIT_CONVERSION = YES;
				GCC_WARN_ABOUT_RETURN_TYPE = YES_ERROR;
				GCC_WARN_UNDECLARED_SELECTOR = YES;
				GCC_WARN_UNINITIALIZED_AUTOS = YES_AGGRESSIVE;
				GCC_WARN_UNUSED_FUNCTION = YES;
				GCC_WARN_UNUSED_VARIABLE = YES;
				IPHONEOS_DEPLOYMENT_TARGET = 12.0;
				MTL_ENABLE_DEBUG_INFO = INCLUDE_SOURCE;
				MTL_FAST_MATH = YES;
				ONLY_ACTIVE_ARCH = YES;
				SDKROOT = iphoneos;
				SWIFT_ACTIVE_COMPILATION_CONDITIONS = DEBUG;
				SWIFT_OPTIMIZATION_LEVEL = "-Onone";
			};
			name = Debug;
		};
		A5BE0B7D2172B3CE00186357 /* Release */ = {
			isa = XCBuildConfiguration;
			buildSettings = {
				ALWAYS_SEARCH_USER_PATHS = NO;
				CLANG_ANALYZER_NONNULL = YES;
				CLANG_ANALYZER_NUMBER_OBJECT_CONVERSION = YES_AGGRESSIVE;
				CLANG_CXX_LANGUAGE_STANDARD = "gnu++14";
				CLANG_CXX_LIBRARY = "libc++";
				CLANG_ENABLE_MODULES = YES;
				CLANG_ENABLE_OBJC_ARC = YES;
				CLANG_ENABLE_OBJC_WEAK = YES;
				CLANG_WARN_BLOCK_CAPTURE_AUTORELEASING = YES;
				CLANG_WARN_BOOL_CONVERSION = YES;
				CLANG_WARN_COMMA = YES;
				CLANG_WARN_CONSTANT_CONVERSION = YES;
				CLANG_WARN_DEPRECATED_OBJC_IMPLEMENTATIONS = YES;
				CLANG_WARN_DIRECT_OBJC_ISA_USAGE = YES_ERROR;
				CLANG_WARN_DOCUMENTATION_COMMENTS = YES;
				CLANG_WARN_EMPTY_BODY = YES;
				CLANG_WARN_ENUM_CONVERSION = YES;
				CLANG_WARN_INFINITE_RECURSION = YES;
				CLANG_WARN_INT_CONVERSION = YES;
				CLANG_WARN_NON_LITERAL_NULL_CONVERSION = YES;
				CLANG_WARN_OBJC_IMPLICIT_RETAIN_SELF = YES;
				CLANG_WARN_OBJC_LITERAL_CONVERSION = YES;
				CLANG_WARN_OBJC_ROOT_CLASS = YES_ERROR;
				CLANG_WARN_RANGE_LOOP_ANALYSIS = YES;
				CLANG_WARN_STRICT_PROTOTYPES = YES;
				CLANG_WARN_SUSPICIOUS_MOVE = YES;
				CLANG_WARN_UNGUARDED_AVAILABILITY = YES_AGGRESSIVE;
				CLANG_WARN_UNREACHABLE_CODE = YES;
				CLANG_WARN__DUPLICATE_METHOD_MATCH = YES;
				CODE_SIGN_IDENTITY = "iPhone Developer";
				COPY_PHASE_STRIP = NO;
				DEBUG_INFORMATION_FORMAT = "dwarf-with-dsym";
				ENABLE_NS_ASSERTIONS = NO;
				ENABLE_STRICT_OBJC_MSGSEND = YES;
				GCC_C_LANGUAGE_STANDARD = gnu11;
				GCC_NO_COMMON_BLOCKS = YES;
				GCC_WARN_64_TO_32_BIT_CONVERSION = YES;
				GCC_WARN_ABOUT_RETURN_TYPE = YES_ERROR;
				GCC_WARN_UNDECLARED_SELECTOR = YES;
				GCC_WARN_UNINITIALIZED_AUTOS = YES_AGGRESSIVE;
				GCC_WARN_UNUSED_FUNCTION = YES;
				GCC_WARN_UNUSED_VARIABLE = YES;
				IPHONEOS_DEPLOYMENT_TARGET = 12.0;
				MTL_ENABLE_DEBUG_INFO = NO;
				MTL_FAST_MATH = YES;
				SDKROOT = iphoneos;
				SWIFT_COMPILATION_MODE = wholemodule;
				SWIFT_OPTIMIZATION_LEVEL = "-O";
				VALIDATE_PRODUCT = YES;
			};
			name = Release;
		};
		A5BE0B7F2172B3CE00186357 /* Debug */ = {
			isa = XCBuildConfiguration;
			buildSettings = {
				ASSETCATALOG_COMPILER_APPICON_NAME = AppIcon;
				CODE_SIGN_STYLE = Automatic;
				DEVELOPMENT_TEAM = UWJCYGVG9Z;
				INFOPLIST_FILE = SeptaJSON/Info.plist;
				LD_RUNPATH_SEARCH_PATHS = (
					"$(inherited)",
					"@executable_path/Frameworks",
				);
				PRODUCT_BUNDLE_IDENTIFIER = com.cwxstat.rx.SeptaJSON;
				PRODUCT_NAME = "$(TARGET_NAME)";
				SWIFT_VERSION = 4.2;
				TARGETED_DEVICE_FAMILY = "1,2";
			};
			name = Debug;
		};
		A5BE0B802172B3CE00186357 /* Release */ = {
			isa = XCBuildConfiguration;
			buildSettings = {
				ASSETCATALOG_COMPILER_APPICON_NAME = AppIcon;
				CODE_SIGN_STYLE = Automatic;
				DEVELOPMENT_TEAM = UWJCYGVG9Z;
				INFOPLIST_FILE = SeptaJSON/Info.plist;
				LD_RUNPATH_SEARCH_PATHS = (
					"$(inherited)",
					"@executable_path/Frameworks",
				);
				PRODUCT_BUNDLE_IDENTIFIER = com.cwxstat.rx.SeptaJSON;
				PRODUCT_NAME = "$(TARGET_NAME)";
				SWIFT_VERSION = 4.2;
				TARGETED_DEVICE_FAMILY = "1,2";
			};
			name = Release;
		};
		A5BE0B822172B3CE00186357 /* Debug */ = {
			isa = XCBuildConfiguration;
			buildSettings = {
				ALWAYS_EMBED_SWIFT_STANDARD_LIBRARIES = YES;
				BUNDLE_LOADER = "$(TEST_HOST)";
				CODE_SIGN_STYLE = Automatic;
				DEVELOPMENT_TEAM = UWJCYGVG9Z;
				INFOPLIST_FILE = SeptaJSONTests/Info.plist;
				LD_RUNPATH_SEARCH_PATHS = (
					"$(inherited)",
					"@executable_path/Frameworks",
					"@loader_path/Frameworks",
				);
				PRODUCT_BUNDLE_IDENTIFIER = com.cwxstat.rx.SeptaJSONTests;
				PRODUCT_NAME = "$(TARGET_NAME)";
				SWIFT_VERSION = 4.2;
				TARGETED_DEVICE_FAMILY = "1,2";
				TEST_HOST = "$(BUILT_PRODUCTS_DIR)/SeptaJSON.app/SeptaJSON";
			};
			name = Debug;
		};
		A5BE0B832172B3CE00186357 /* Release */ = {
			isa = XCBuildConfiguration;
			buildSettings = {
				ALWAYS_EMBED_SWIFT_STANDARD_LIBRARIES = YES;
				BUNDLE_LOADER = "$(TEST_HOST)";
				CODE_SIGN_STYLE = Automatic;
				DEVELOPMENT_TEAM = UWJCYGVG9Z;
				INFOPLIST_FILE = SeptaJSONTests/Info.plist;
				LD_RUNPATH_SEARCH_PATHS = (
					"$(inherited)",
					"@executable_path/Frameworks",
					"@loader_path/Frameworks",
				);
				PRODUCT_BUNDLE_IDENTIFIER = com.cwxstat.rx.SeptaJSONTests;
				PRODUCT_NAME = "$(TARGET_NAME)";
				SWIFT_VERSION = 4.2;
				TARGETED_DEVICE_FAMILY = "1,2";
				TEST_HOST = "$(BUILT_PRODUCTS_DIR)/SeptaJSON.app/SeptaJSON";
			};
			name = Release;
		};
		A5BE0B852172B3CE00186357 /* Debug */ = {
			isa = XCBuildConfiguration;
			buildSettings = {
				ALWAYS_EMBED_SWIFT_STANDARD_LIBRARIES = YES;
				CODE_SIGN_STYLE = Automatic;
				DEVELOPMENT_TEAM = UWJCYGVG9Z;
				INFOPLIST_FILE = SeptaJSONUITests/Info.plist;
				LD_RUNPATH_SEARCH_PATHS = (
					"$(inherited)",
					"@executable_path/Frameworks",
					"@loader_path/Frameworks",
				);
				PRODUCT_BUNDLE_IDENTIFIER = com.cwxstat.rx.SeptaJSONUITests;
				PRODUCT_NAME = "$(TARGET_NAME)";
				SWIFT_VERSION = 4.2;
				TARGETED_DEVICE_FAMILY = "1,2";
				TEST_TARGET_NAME = SeptaJSON;
			};
			name = Debug;
		};
		A5BE0B862172B3CE00186357 /* Release */ = {
			isa = XCBuildConfiguration;
			buildSettings = {
				ALWAYS_EMBED_SWIFT_STANDARD_LIBRARIES = YES;
				CODE_SIGN_STYLE = Automatic;
				DEVELOPMENT_TEAM = UWJCYGVG9Z;
				INFOPLIST_FILE = SeptaJSONUITests/Info.plist;
				LD_RUNPATH_SEARCH_PATHS = (
					"$(inherited)",
					"@executable_path/Frameworks",
					"@loader_path/Frameworks",
				);
				PRODUCT_BUNDLE_IDENTIFIER = com.cwxstat.rx.SeptaJSONUITests;
				PRODUCT_NAME = "$(TARGET_NAME)";
				SWIFT_VERSION = 4.2;
				TARGETED_DEVICE_FAMILY = "1,2";
				TEST_TARGET_NAME = SeptaJSON;
			};
			name = Release;
		};
/* End XCBuildConfiguration section */

/* Begin XCConfigurationList section */
		A598ACFB21AFFCEC00EDBA07 /* Build configuration list for PBXNativeTarget "bgViewTests" */ = {
			isa = XCConfigurationList;
			buildConfigurations = (
				A598ACF921AFFCEC00EDBA07 /* Debug */,
				A598ACFA21AFFCEC00EDBA07 /* Release */,
			);
			defaultConfigurationIsVisible = 0;
			defaultConfigurationName = Release;
		};
		A5BE0B512172B3CD00186357 /* Build configuration list for PBXProject "SeptaJSON" */ = {
			isa = XCConfigurationList;
			buildConfigurations = (
				A5BE0B7C2172B3CE00186357 /* Debug */,
				A5BE0B7D2172B3CE00186357 /* Release */,
			);
			defaultConfigurationIsVisible = 0;
			defaultConfigurationName = Release;
		};
		A5BE0B7E2172B3CE00186357 /* Build configuration list for PBXNativeTarget "SeptaJSON" */ = {
			isa = XCConfigurationList;
			buildConfigurations = (
				A5BE0B7F2172B3CE00186357 /* Debug */,
				A5BE0B802172B3CE00186357 /* Release */,
			);
			defaultConfigurationIsVisible = 0;
			defaultConfigurationName = Release;
		};
		A5BE0B812172B3CE00186357 /* Build configuration list for PBXNativeTarget "SeptaJSONTests" */ = {
			isa = XCConfigurationList;
			buildConfigurations = (
				A5BE0B822172B3CE00186357 /* Debug */,
				A5BE0B832172B3CE00186357 /* Release */,
			);
			defaultConfigurationIsVisible = 0;
			defaultConfigurationName = Release;
		};
		A5BE0B842172B3CE00186357 /* Build configuration list for PBXNativeTarget "SeptaJSONUITests" */ = {
			isa = XCConfigurationList;
			buildConfigurations = (
				A5BE0B852172B3CE00186357 /* Debug */,
				A5BE0B862172B3CE00186357 /* Release */,
			);
			defaultConfigurationIsVisible = 0;
			defaultConfigurationName = Release;
		};
/* End XCConfigurationList section */
	};
	rootObject = A5BE0B4E2172B3CD00186357 /* Project object */;
}
